
Microsoft Visual Studio Solution File, Format Version 12.00
# Visual Studio Version 17
VisualStudioVersion = 17.9.34723.18
MinimumVisualStudioVersion = 10.0.40219.1
Project("{9A19103F-16F7-4668-BE54-9A1E7A4F7556}") = "SnoringWarning", "SnoringWarning\SnoringWarning.csproj", "{30CA8CFF-69E0-4138-93B6-C2EA6C9C3865}"
EndProject
Global
	GlobalSection(SolutionConfigurationPlatforms) = preSolution
		Debug|Any CPU = Debug|Any CPU
		Release|Any CPU = Release|Any CPU
	EndGlobalSection
	GlobalSection(ProjectConfigurationPlatforms) = postSolution
		{30CA8CFF-69E0-4138-93B6-C2EA6C9C3865}.Debug|Any CPU.ActiveCfg = Debug|Any CPU
		{30CA8CFF-69E0-4138-93B6-C2EA6C9C3865}.Debug|Any CPU.Build.0 = Debug|Any CPU
		{30CA8CFF-69E0-4138-93B6-C2EA6C9C3865}.Release|Any CPU.ActiveCfg = Release|Any CPU
		{30CA8CFF-69E0-4138-93B6-C2EA6C9C3865}.Release|Any CPU.Build.0 = Release|Any CPU
	EndGlobalSection
	GlobalSection(SolutionProperties) = preSolution
		HideSolutionNode = FALSE
	EndGlobalSection
	GlobalSection(ExtensibilityGlobals) = postSolution
		SolutionGuid = {46B8AC85-52BD-4A99-9F39-8F22EF66D500}
	EndGlobalSection
EndGlobal
